
Microsoft Visual Studio Solution File, Format Version 12.00
# Visual Studio Version 16
VisualStudioVersion = 25.0.1706.13
MinimumVisualStudioVersion = 10.0.40219.1
Project("{FAE04EC0-301F-11D3-BF4B-00C04F79EFBC}") = "FirstConsole", "FirstConsole\FirstConsole.csproj", "{5865B9AA-3EDA-45D0-9F7C-9B0F4EBFFC75}"
EndProject
Project("{FAE04EC0-301F-11D3-BF4B-00C04F79EFBC}") = "DegiskenTanımlama", "DegiskenTanımlama\DegiskenTanımlama.csproj", "{1479546F-41E2-461A-A510-C0005343760C}"
EndProject
Project("{FAE04EC0-301F-11D3-BF4B-00C04F79EFBC}") = "3-KararYapıları", "3-KararYapıları\3-KararYapıları.csproj", "{F2A475C7-39AB-4284-BEC5-BCDC8A59C6DD}"
EndProject
Project("{FAE04EC0-301F-11D3-BF4B-00C04F79EFBC}") = "Diziler", "Diziler\Diziler.csproj", "{540D5721-ED01-4FAD-92E7-71C7B2D25830}"
EndProject
Project("{FAE04EC0-301F-11D3-BF4B-00C04F79EFBC}") = "Donguler", "Donguler\Donguler.csproj", "{3FA937A2-E5AE-4AFD-9833-EB6D019F7D16}"
EndProject
Project("{FAE04EC0-301F-11D3-BF4B-00C04F79EFBC}") = "6-DongulaerLab", "6-DongulaerLab\6-DongulaerLab.csproj", "{2881D929-AF73-4B21-BA19-289A641BAA6A}"
EndProject
Project("{FAE04EC0-301F-11D3-BF4B-00C04F79EFBC}") = "TryCatch", "TryCatch\TryCatch.csproj", "{14FF49E3-FFDC-4B86-9FCE-B7BC4123EA8D}"
EndProject
Project("{FAE04EC0-301F-11D3-BF4B-00C04F79EFBC}") = "8-MainArgumanlar", "8-MainArgumanlar\8-MainArgumanlar.csproj", "{3E978B64-A080-4C49-BB45-AD6E4FC4C201}"
EndProject
Project("{FAE04EC0-301F-11D3-BF4B-00C04F79EFBC}") = "Methodlar", "Methodlar\Methodlar.csproj", "{636A1CAF-FCE3-45B5-87DB-D5FA79AC5A67}"
EndProject
Project("{FAE04EC0-301F-11D3-BF4B-00C04F79EFBC}") = "10-MethodlarLab", "10-MethodlarLab\10-MethodlarLab.csproj", "{88CF92F4-2B45-447E-B390-601E000D88A3}"
EndProject
Project("{FAE04EC0-301F-11D3-BF4B-00C04F79EFBC}") = "11-RefOutKeyword", "11-RefOutKeyword\11-RefOutKeyword.csproj", "{578858E9-70A6-4692-AD10-E83B8084BF97}"
EndProject
Project("{FAE04EC0-301F-11D3-BF4B-00C04F79EFBC}") = "12 -ArrayList", "12 -ArrayList\12 -ArrayList.csproj", "{D9F0CA87-CBC0-4890-825A-6A910F1B3040}"
EndProject
Project("{FAE04EC0-301F-11D3-BF4B-00C04F79EFBC}") = "13-Listeler", "13-Listeler\13-Listeler.csproj", "{42AC56D5-5A44-4910-957D-1EF7ADB2E020}"
EndProject
Project("{FAE04EC0-301F-11D3-BF4B-00C04F79EFBC}") = "14-HazirMethodlar", "14-HazirMethodlar\14-HazirMethodlar.csproj", "{65D7FE9E-EC77-46FD-BE11-B5CED7E56586}"
EndProject
Project("{FAE04EC0-301F-11D3-BF4B-00C04F79EFBC}") = "15-MyLibrary", "15-MyLibrary\15-MyLibrary.csproj", "{00E87056-20AF-46AB-B74D-E02488CFC8B3}"
EndProject
Project("{FAE04EC0-301F-11D3-BF4B-00C04F79EFBC}") = "16-LibraryKullanımı", "16-LibraryKullanımı\16-LibraryKullanımı.csproj", "{00302384-3602-4108-A7CA-42F080BAC025}"
EndProject
Project("{FAE04EC0-301F-11D3-BF4B-00C04F79EFBC}") = "17-Struct", "17-Struct\17-Struct.csproj", "{51A0D97F-9AE7-4AD2-B148-54247A00FC39}"
EndProject
Project("{FAE04EC0-301F-11D3-BF4B-00C04F79EFBC}") = "18-Dosyaİslemleri", "18-Dosyaİslemleri\18-Dosyaİslemleri.csproj", "{2FFBD797-7753-4B5A-BCA5-9158377B554A}"
EndProject
Project("{FAE04EC0-301F-11D3-BF4B-00C04F79EFBC}") = "19-GenelTekrar", "19-GenelTekrar\19-GenelTekrar.csproj", "{15516DD4-487F-4D3B-8988-074936A4AEE2}"
EndProject
Global
	GlobalSection(SolutionConfigurationPlatforms) = preSolution
		Debug|Any CPU = Debug|Any CPU
		Release|Any CPU = Release|Any CPU
	EndGlobalSection
	GlobalSection(ProjectConfigurationPlatforms) = postSolution
		{5865B9AA-3EDA-45D0-9F7C-9B0F4EBFFC75}.Debug|Any CPU.ActiveCfg = Debug|Any CPU
		{5865B9AA-3EDA-45D0-9F7C-9B0F4EBFFC75}.Debug|Any CPU.Build.0 = Debug|Any CPU
		{5865B9AA-3EDA-45D0-9F7C-9B0F4EBFFC75}.Release|Any CPU.ActiveCfg = Release|Any CPU
		{5865B9AA-3EDA-45D0-9F7C-9B0F4EBFFC75}.Release|Any CPU.Build.0 = Release|Any CPU
		{1479546F-41E2-461A-A510-C0005343760C}.Debug|Any CPU.ActiveCfg = Debug|Any CPU
		{1479546F-41E2-461A-A510-C0005343760C}.Debug|Any CPU.Build.0 = Debug|Any CPU
		{1479546F-41E2-461A-A510-C0005343760C}.Release|Any CPU.ActiveCfg = Release|Any CPU
		{1479546F-41E2-461A-A510-C0005343760C}.Release|Any CPU.Build.0 = Release|Any CPU
		{F2A475C7-39AB-4284-BEC5-BCDC8A59C6DD}.Debug|Any CPU.ActiveCfg = Debug|Any CPU
		{F2A475C7-39AB-4284-BEC5-BCDC8A59C6DD}.Debug|Any CPU.Build.0 = Debug|Any CPU
		{F2A475C7-39AB-4284-BEC5-BCDC8A59C6DD}.Release|Any CPU.ActiveCfg = Release|Any CPU
		{F2A475C7-39AB-4284-BEC5-BCDC8A59C6DD}.Release|Any CPU.Build.0 = Release|Any CPU
		{540D5721-ED01-4FAD-92E7-71C7B2D25830}.Debug|Any CPU.ActiveCfg = Debug|Any CPU
		{540D5721-ED01-4FAD-92E7-71C7B2D25830}.Debug|Any CPU.Build.0 = Debug|Any CPU
		{540D5721-ED01-4FAD-92E7-71C7B2D25830}.Release|Any CPU.ActiveCfg = Release|Any CPU
		{540D5721-ED01-4FAD-92E7-71C7B2D25830}.Release|Any CPU.Build.0 = Release|Any CPU
		{3FA937A2-E5AE-4AFD-9833-EB6D019F7D16}.Debug|Any CPU.ActiveCfg = Debug|Any CPU
		{3FA937A2-E5AE-4AFD-9833-EB6D019F7D16}.Debug|Any CPU.Build.0 = Debug|Any CPU
		{3FA937A2-E5AE-4AFD-9833-EB6D019F7D16}.Release|Any CPU.ActiveCfg = Release|Any CPU
		{3FA937A2-E5AE-4AFD-9833-EB6D019F7D16}.Release|Any CPU.Build.0 = Release|Any CPU
		{2881D929-AF73-4B21-BA19-289A641BAA6A}.Debug|Any CPU.ActiveCfg = Debug|Any CPU
		{2881D929-AF73-4B21-BA19-289A641BAA6A}.Debug|Any CPU.Build.0 = Debug|Any CPU
		{2881D929-AF73-4B21-BA19-289A641BAA6A}.Release|Any CPU.ActiveCfg = Release|Any CPU
		{2881D929-AF73-4B21-BA19-289A641BAA6A}.Release|Any CPU.Build.0 = Release|Any CPU
		{14FF49E3-FFDC-4B86-9FCE-B7BC4123EA8D}.Debug|Any CPU.ActiveCfg = Debug|Any CPU
		{14FF49E3-FFDC-4B86-9FCE-B7BC4123EA8D}.Debug|Any CPU.Build.0 = Debug|Any CPU
		{14FF49E3-FFDC-4B86-9FCE-B7BC4123EA8D}.Release|Any CPU.ActiveCfg = Release|Any CPU
		{14FF49E3-FFDC-4B86-9FCE-B7BC4123EA8D}.Release|Any CPU.Build.0 = Release|Any CPU
		{3E978B64-A080-4C49-BB45-AD6E4FC4C201}.Debug|Any CPU.ActiveCfg = Debug|Any CPU
		{3E978B64-A080-4C49-BB45-AD6E4FC4C201}.Debug|Any CPU.Build.0 = Debug|Any CPU
		{3E978B64-A080-4C49-BB45-AD6E4FC4C201}.Release|Any CPU.ActiveCfg = Release|Any CPU
		{3E978B64-A080-4C49-BB45-AD6E4FC4C201}.Release|Any CPU.Build.0 = Release|Any CPU
		{636A1CAF-FCE3-45B5-87DB-D5FA79AC5A67}.Debug|Any CPU.ActiveCfg = Debug|Any CPU
		{636A1CAF-FCE3-45B5-87DB-D5FA79AC5A67}.Debug|Any CPU.Build.0 = Debug|Any CPU
		{636A1CAF-FCE3-45B5-87DB-D5FA79AC5A67}.Release|Any CPU.ActiveCfg = Release|Any CPU
		{636A1CAF-FCE3-45B5-87DB-D5FA79AC5A67}.Release|Any CPU.Build.0 = Release|Any CPU
		{88CF92F4-2B45-447E-B390-601E000D88A3}.Debug|Any CPU.ActiveCfg = Debug|Any CPU
		{88CF92F4-2B45-447E-B390-601E000D88A3}.Debug|Any CPU.Build.0 = Debug|Any CPU
		{88CF92F4-2B45-447E-B390-601E000D88A3}.Release|Any CPU.ActiveCfg = Release|Any CPU
		{88CF92F4-2B45-447E-B390-601E000D88A3}.Release|Any CPU.Build.0 = Release|Any CPU
		{578858E9-70A6-4692-AD10-E83B8084BF97}.Debug|Any CPU.ActiveCfg = Debug|Any CPU
		{578858E9-70A6-4692-AD10-E83B8084BF97}.Debug|Any CPU.Build.0 = Debug|Any CPU
		{578858E9-70A6-4692-AD10-E83B8084BF97}.Release|Any CPU.ActiveCfg = Release|Any CPU
		{578858E9-70A6-4692-AD10-E83B8084BF97}.Release|Any CPU.Build.0 = Release|Any CPU
		{D9F0CA87-CBC0-4890-825A-6A910F1B3040}.Debug|Any CPU.ActiveCfg = Debug|Any CPU
		{D9F0CA87-CBC0-4890-825A-6A910F1B3040}.Debug|Any CPU.Build.0 = Debug|Any CPU
		{D9F0CA87-CBC0-4890-825A-6A910F1B3040}.Release|Any CPU.ActiveCfg = Release|Any CPU
		{D9F0CA87-CBC0-4890-825A-6A910F1B3040}.Release|Any CPU.Build.0 = Release|Any CPU
		{42AC56D5-5A44-4910-957D-1EF7ADB2E020}.Debug|Any CPU.ActiveCfg = Debug|Any CPU
		{42AC56D5-5A44-4910-957D-1EF7ADB2E020}.Debug|Any CPU.Build.0 = Debug|Any CPU
		{42AC56D5-5A44-4910-957D-1EF7ADB2E020}.Release|Any CPU.ActiveCfg = Release|Any CPU
		{42AC56D5-5A44-4910-957D-1EF7ADB2E020}.Release|Any CPU.Build.0 = Release|Any CPU
		{65D7FE9E-EC77-46FD-BE11-B5CED7E56586}.Debug|Any CPU.ActiveCfg = Debug|Any CPU
		{65D7FE9E-EC77-46FD-BE11-B5CED7E56586}.Debug|Any CPU.Build.0 = Debug|Any CPU
		{65D7FE9E-EC77-46FD-BE11-B5CED7E56586}.Release|Any CPU.ActiveCfg = Release|Any CPU
		{65D7FE9E-EC77-46FD-BE11-B5CED7E56586}.Release|Any CPU.Build.0 = Release|Any CPU
		{00E87056-20AF-46AB-B74D-E02488CFC8B3}.Debug|Any CPU.ActiveCfg = Debug|Any CPU
		{00E87056-20AF-46AB-B74D-E02488CFC8B3}.Debug|Any CPU.Build.0 = Debug|Any CPU
		{00E87056-20AF-46AB-B74D-E02488CFC8B3}.Release|Any CPU.ActiveCfg = Release|Any CPU
		{00E87056-20AF-46AB-B74D-E02488CFC8B3}.Release|Any CPU.Build.0 = Release|Any CPU
		{00302384-3602-4108-A7CA-42F080BAC025}.Debug|Any CPU.ActiveCfg = Debug|Any CPU
		{00302384-3602-4108-A7CA-42F080BAC025}.Debug|Any CPU.Build.0 = Debug|Any CPU
		{00302384-3602-4108-A7CA-42F080BAC025}.Release|Any CPU.ActiveCfg = Release|Any CPU
		{00302384-3602-4108-A7CA-42F080BAC025}.Release|Any CPU.Build.0 = Release|Any CPU
		{51A0D97F-9AE7-4AD2-B148-54247A00FC39}.Debug|Any CPU.ActiveCfg = Debug|Any CPU
		{51A0D97F-9AE7-4AD2-B148-54247A00FC39}.Debug|Any CPU.Build.0 = Debug|Any CPU
		{51A0D97F-9AE7-4AD2-B148-54247A00FC39}.Release|Any CPU.ActiveCfg = Release|Any CPU
		{51A0D97F-9AE7-4AD2-B148-54247A00FC39}.Release|Any CPU.Build.0 = Release|Any CPU
		{2FFBD797-7753-4B5A-BCA5-9158377B554A}.Debug|Any CPU.ActiveCfg = Debug|Any CPU
		{2FFBD797-7753-4B5A-BCA5-9158377B554A}.Debug|Any CPU.Build.0 = Debug|Any CPU
		{2FFBD797-7753-4B5A-BCA5-9158377B554A}.Release|Any CPU.ActiveCfg = Release|Any CPU
		{2FFBD797-7753-4B5A-BCA5-9158377B554A}.Release|Any CPU.Build.0 = Release|Any CPU
		{15516DD4-487F-4D3B-8988-074936A4AEE2}.Debug|Any CPU.ActiveCfg = Debug|Any CPU
		{15516DD4-487F-4D3B-8988-074936A4AEE2}.Debug|Any CPU.Build.0 = Debug|Any CPU
		{15516DD4-487F-4D3B-8988-074936A4AEE2}.Release|Any CPU.ActiveCfg = Release|Any CPU
		{15516DD4-487F-4D3B-8988-074936A4AEE2}.Release|Any CPU.Build.0 = Release|Any CPU
	EndGlobalSection
	GlobalSection(SolutionProperties) = preSolution
		HideSolutionNode = FALSE
	EndGlobalSection
	GlobalSection(ExtensibilityGlobals) = postSolution
		SolutionGuid = {4BF1CF86-EF2F-436D-8480-1068CADB16BA}
	EndGlobalSection
EndGlobal
